
Microsoft Visual Studio Solution File, Format Version 12.00
# Visual Studio 16
Project("{FAE04EC0-301F-11D3-BF4B-00C04F79EFBC}") = "Assembly-CSharp", "Assembly-CSharp.csproj", "{F4EF4B56-DF23-7F3A-A126-3A06507BE248}"
EndProject
Project("{FAE04EC0-301F-11D3-BF4B-00C04F79EFBC}") = "Assembly-CSharp-firstpass", "Assembly-CSharp-firstpass.csproj", "{8F72FC8C-C769-FB86-5204-831551C45CD3}"
EndProject
Project("{FAE04EC0-301F-11D3-BF4B-00C04F79EFBC}") = "Assembly-CSharp-Editor-firstpass", "Assembly-CSharp-Editor-firstpass.csproj", "{699866B9-C0FE-E3DE-EC50-67226A949873}"
EndProject
Global
	GlobalSection(SolutionConfigurationPlatforms) = preSolution
		Debug|Any CPU = Debug|Any CPU
		Release|Any CPU = Release|Any CPU
	EndGlobalSection
	GlobalSection(ProjectConfigurationPlatforms) = postSolution
		{F4EF4B56-DF23-7F3A-A126-3A06507BE248}.Debug|Any CPU.ActiveCfg = Debug|Any CPU
		{F4EF4B56-DF23-7F3A-A126-3A06507BE248}.Debug|Any CPU.Build.0 = Debug|Any CPU
		{F4EF4B56-DF23-7F3A-A126-3A06507BE248}.Release|Any CPU.ActiveCfg = Release|Any CPU
		{F4EF4B56-DF23-7F3A-A126-3A06507BE248}.Release|Any CPU.Build.0 = Release|Any CPU
		{8F72FC8C-C769-FB86-5204-831551C45CD3}.Debug|Any CPU.ActiveCfg = Debug|Any CPU
		{8F72FC8C-C769-FB86-5204-831551C45CD3}.Debug|Any CPU.Build.0 = Debug|Any CPU
		{8F72FC8C-C769-FB86-5204-831551C45CD3}.Release|Any CPU.ActiveCfg = Release|Any CPU
		{8F72FC8C-C769-FB86-5204-831551C45CD3}.Release|Any CPU.Build.0 = Release|Any CPU
		{699866B9-C0FE-E3DE-EC50-67226A949873}.Debug|Any CPU.ActiveCfg = Debug|Any CPU
		{699866B9-C0FE-E3DE-EC50-67226A949873}.Debug|Any CPU.Build.0 = Debug|Any CPU
		{699866B9-C0FE-E3DE-EC50-67226A949873}.Release|Any CPU.ActiveCfg = Release|Any CPU
		{699866B9-C0FE-E3DE-EC50-67226A949873}.Release|Any CPU.Build.0 = Release|Any CPU
	EndGlobalSection
	GlobalSection(SolutionProperties) = preSolution
		HideSolutionNode = FALSE
	EndGlobalSection
EndGlobal
